<?xml version="1.0" encoding="UTF-8" standalone="yes" ?>
<CodeBlocks_project_file>
	<FileVersion major="1" minor="6" />
	<Project>
		<Option title="proj4cb" />
		<Option pch_mode="2" />
		<Option compiler="gcc" />
		<Build>
			<Target title="Debug">
				<Option output="bin/Debug/proj4cb" prefix_auto="1" extension_auto="1" />
				<Option object_output="obj/Debug/" />
				<Option type="1" />
				<Option compiler="gcc" />
				<Compiler>
					<Add option="-g" />
					<Add directory="include" />
				</Compiler>
			</Target>
			<Target title="Release">
				<Option output="bin/Release/proj4cb" prefix_auto="1" extension_auto="1" />
				<Option object_output="obj/Release/" />
				<Option type="1" />
				<Option compiler="gcc" />
				<Compiler>
					<Add option="-O2" />
					<Add directory="include" />
				</Compiler>
				<Linker>
					<Add option="-s" />
				</Linker>
			</Target>
		</Build>
		<Compiler>
			<Add option="-Wall" />
		</Compiler>
		<Unit filename="Application.cpp" />
		<Unit filename="Application.h" />
		<Unit filename="Matrix.h" />
		<Unit filename="MatrixTest1.txt" />
		<Unit filename="MatrixTest1Copy.txt" />
		<Unit filename="MatrixTest1Copy2.txt" />
		<Unit filename="MatrixTester.cpp" />
		<Unit filename="MatrixTester.h" />
		<Unit filename="Vec.h" />
		<Unit filename="VecTester.cpp" />
		<Unit filename="VecTester.h" />
		<Unit filename="proj4cb.cbp" />
		<Unit filename="tester.cpp" />
		<Unit filename="vecStreamOut.txt" />
		<Unit filename="vecTest1.txt" />
		<Unit filename="vecTest1Copy.txt" />
		<Unit filename="vecTest2.txt" />
		<Unit filename="vecTest2Copy.txt" />
		<Extensions>
			<code_completion />
			<envvars />
			<debugger />
			<lib_finder disable_auto="1" />
		</Extensions>
	</Project>
</CodeBlocks_project_file>
